
Microsoft Visual Studio Solution File, Format Version 12.00
# Visual Studio Version 16
VisualStudioVersion = 16.0.30413.136
MinimumVisualStudioVersion = 10.0.40219.1
Project("{FAE04EC0-301F-11D3-BF4B-00C04F79EFBC}") = "keylogger", "keylogger\keylogger.csproj", "{4EA90CBB-483F-40EA-8BEA-327E15E3E424}"
EndProject
Global
	GlobalSection(SolutionConfigurationPlatforms) = preSolution
		Debug|Any CPU = Debug|Any CPU
		Release|Any CPU = Release|Any CPU
	EndGlobalSection
	GlobalSection(ProjectConfigurationPlatforms) = postSolution
		{4EA90CBB-483F-40EA-8BEA-327E15E3E424}.Debug|Any CPU.ActiveCfg = Debug|Any CPU
		{4EA90CBB-483F-40EA-8BEA-327E15E3E424}.Debug|Any CPU.Build.0 = Debug|Any CPU
		{4EA90CBB-483F-40EA-8BEA-327E15E3E424}.Release|Any CPU.ActiveCfg = Release|Any CPU
		{4EA90CBB-483F-40EA-8BEA-327E15E3E424}.Release|Any CPU.Build.0 = Release|Any CPU
	EndGlobalSection
	GlobalSection(SolutionProperties) = preSolution
		HideSolutionNode = FALSE
	EndGlobalSection
	GlobalSection(ExtensibilityGlobals) = postSolution
		SolutionGuid = {C5125CDC-BACE-4129-B67F-5C4AB675E76A}
	EndGlobalSection
EndGlobal
